github.com/migelit0/physics_engine/server-client/server/core/constants v0.0.0-20220709192554-a475b82b7ff4 h1:yhL6NQKjtOqwb9YLH3ZmgyZL7iEflc/57opFvWZ/dh8=
github.com/migelit0/physics_engine/server-client/server/core/constants v0.0.0-20220709192554-a475b82b7ff4/go.mod h1:qrw94O4Qb233CDAGmSRVl42MwmEk+3d8Qz2e407Mzvs=
